// !$*UTF8*$!
{
	archiveVersion = 1;
	classes = {
	};
	objectVersion = 48;
	objects = {

/* Begin PBXBuildFile section */
		2002E69E1F8D3AE800581A4E /* LoginScreen.storyboard in Resources */ = {isa = PBXBuildFile; fileRef = 2002E69D1F8D3AE800581A4E /* LoginScreen.storyboard */; };
		2002E6A41F8D488100581A4E /* SignUpViewController.swift in Sources */ = {isa = PBXBuildFile; fileRef = 2002E6A31F8D488100581A4E /* SignUpViewController.swift */; };
		2002E6A61F8D488F00581A4E /* LoginViewController.swift in Sources */ = {isa = PBXBuildFile; fileRef = 2002E6A51F8D488F00581A4E /* LoginViewController.swift */; };
		2002E6A71F8D612B00581A4E /* Rainbow Bridge Personal Use.ttf in Resources */ = {isa = PBXBuildFile; fileRef = 2002E6A21F8D444300581A4E /* Rainbow Bridge Personal Use.ttf */; };
		200649FD1F8BE3D800277F34 /* AppDelegate.swift in Sources */ = {isa = PBXBuildFile; fileRef = 200649FC1F8BE3D800277F34 /* AppDelegate.swift */; };
		20064A041F8BE3D800277F34 /* Main.storyboard in Resources */ = {isa = PBXBuildFile; fileRef = 20064A021F8BE3D800277F34 /* Main.storyboard */; };
		20064A061F8BE3D800277F34 /* Assets.xcassets in Resources */ = {isa = PBXBuildFile; fileRef = 20064A051F8BE3D800277F34 /* Assets.xcassets */; };
		20064A091F8BE3D800277F34 /* LaunchScreen.storyboard in Resources */ = {isa = PBXBuildFile; fileRef = 20064A071F8BE3D800277F34 /* LaunchScreen.storyboard */; };
		20064A111F8BE6AF00277F34 /* User.swift in Sources */ = {isa = PBXBuildFile; fileRef = 20064A101F8BE6AF00277F34 /* User.swift */; };
		20290A2C1F8D7E32001CBADC /* GoogleService-Info.plist in Resources */ = {isa = PBXBuildFile; fileRef = 20290A2B1F8D7E32001CBADC /* GoogleService-Info.plist */; };
		208F584E1F8EFC0300498447 /* addPost.storyboard in Resources */ = {isa = PBXBuildFile; fileRef = 208F584D1F8EFC0300498447 /* addPost.storyboard */; };
		20D516D91F8C1E0E00F68C7D /* UserController.swift in Sources */ = {isa = PBXBuildFile; fileRef = 20D516D81F8C1E0E00F68C7D /* UserController.swift */; };
		20D516DB1F8C344000F68C7D /* PostListViewController.swift in Sources */ = {isa = PBXBuildFile; fileRef = 20D516DA1F8C344000F68C7D /* PostListViewController.swift */; };
		20D516DD1F8D29D700F68C7D /* Post.swift in Sources */ = {isa = PBXBuildFile; fileRef = 20D516DC1F8D29D700F68C7D /* Post.swift */; };
		20D516DF1F8D30A900F68C7D /* PostController.swift in Sources */ = {isa = PBXBuildFile; fileRef = 20D516DE1F8D30A900F68C7D /* PostController.swift */; };
		20E19B121F9034AF005A5EEA /* DateFormatter.swift in Sources */ = {isa = PBXBuildFile; fileRef = 20E19B111F9034AF005A5EEA /* DateFormatter.swift */; };
		20E2FC231F8FD5AC006548D2 /* SubjectsHelper.swift in Sources */ = {isa = PBXBuildFile; fileRef = 20E2FC221F8FD5AC006548D2 /* SubjectsHelper.swift */; };
		20E2FC261F8FE5EF006548D2 /* AddPostViewController.swift in Sources */ = {isa = PBXBuildFile; fileRef = 20E2FC251F8FE5EF006548D2 /* AddPostViewController.swift */; };
		96429822426654C99F63AF79 /* Pods_StudyMeet.framework in Frameworks */ = {isa = PBXBuildFile; fileRef = F3D23F2AE6F83B783EDB1178 /* Pods_StudyMeet.framework */; };
/* End PBXBuildFile section */

/* Begin PBXFileReference section */
		2002E69D1F8D3AE800581A4E /* LoginScreen.storyboard */ = {isa = PBXFileReference; lastKnownFileType = file.storyboard; path = LoginScreen.storyboard; sourceTree = "<group>"; };
		2002E6A01F8D444300581A4E /* Rainbow-Bridge.png */ = {isa = PBXFileReference; lastKnownFileType = image.png; path = "Rainbow-Bridge.png"; sourceTree = "<group>"; };
		2002E6A11F8D444300581A4E /* Terms of Use End User Lisence Agreement.txt */ = {isa = PBXFileReference; lastKnownFileType = text; path = "Terms of Use End User Lisence Agreement.txt"; sourceTree = "<group>"; };
		2002E6A21F8D444300581A4E /* Rainbow Bridge Personal Use.ttf */ = {isa = PBXFileReference; lastKnownFileType = file; path = "Rainbow Bridge Personal Use.ttf"; sourceTree = "<group>"; };
		2002E6A31F8D488100581A4E /* SignUpViewController.swift */ = {isa = PBXFileReference; lastKnownFileType = sourcecode.swift; path = SignUpViewController.swift; sourceTree = "<group>"; };
		2002E6A51F8D488F00581A4E /* LoginViewController.swift */ = {isa = PBXFileReference; lastKnownFileType = sourcecode.swift; path = LoginViewController.swift; sourceTree = "<group>"; };
		200649F91F8BE3D800277F34 /* StudyMeet.app */ = {isa = PBXFileReference; explicitFileType = wrapper.application; includeInIndex = 0; path = StudyMeet.app; sourceTree = BUILT_PRODUCTS_DIR; };
		200649FC1F8BE3D800277F34 /* AppDelegate.swift */ = {isa = PBXFileReference; lastKnownFileType = sourcecode.swift; path = AppDelegate.swift; sourceTree = "<group>"; };
		20064A031F8BE3D800277F34 /* Base */ = {isa = PBXFileReference; lastKnownFileType = file.storyboard; name = Base; path = Base.lproj/Main.storyboard; sourceTree = "<group>"; };
		20064A051F8BE3D800277F34 /* Assets.xcassets */ = {isa = PBXFileReference; lastKnownFileType = folder.assetcatalog; path = Assets.xcassets; sourceTree = "<group>"; };
		20064A081F8BE3D800277F34 /* Base */ = {isa = PBXFileReference; lastKnownFileType = file.storyboard; name = Base; path = Base.lproj/LaunchScreen.storyboard; sourceTree = "<group>"; };
		20064A0A1F8BE3D800277F34 /* Info.plist */ = {isa = PBXFileReference; lastKnownFileType = text.plist.xml; path = Info.plist; sourceTree = "<group>"; };
		20064A101F8BE6AF00277F34 /* User.swift */ = {isa = PBXFileReference; lastKnownFileType = sourcecode.swift; path = User.swift; sourceTree = "<group>"; };
		20290A2B1F8D7E32001CBADC /* GoogleService-Info.plist */ = {isa = PBXFileReference; fileEncoding = 4; lastKnownFileType = text.plist.xml; path = "GoogleService-Info.plist"; sourceTree = "<group>"; };
		208F584D1F8EFC0300498447 /* addPost.storyboard */ = {isa = PBXFileReference; lastKnownFileType = file.storyboard; path = addPost.storyboard; sourceTree = "<group>"; };
		20D516D81F8C1E0E00F68C7D /* UserController.swift */ = {isa = PBXFileReference; lastKnownFileType = sourcecode.swift; path = UserController.swift; sourceTree = "<group>"; };
		20D516DA1F8C344000F68C7D /* PostListViewController.swift */ = {isa = PBXFileReference; lastKnownFileType = sourcecode.swift; path = PostListViewController.swift; sourceTree = "<group>"; };
		20D516DC1F8D29D700F68C7D /* Post.swift */ = {isa = PBXFileReference; lastKnownFileType = sourcecode.swift; path = Post.swift; sourceTree = "<group>"; };
		20D516DE1F8D30A900F68C7D /* PostController.swift */ = {isa = PBXFileReference; lastKnownFileType = sourcecode.swift; path = PostController.swift; sourceTree = "<group>"; };
		20E19B111F9034AF005A5EEA /* DateFormatter.swift */ = {isa = PBXFileReference; lastKnownFileType = sourcecode.swift; path = DateFormatter.swift; sourceTree = "<group>"; };
		20E2FC221F8FD5AC006548D2 /* SubjectsHelper.swift */ = {isa = PBXFileReference; lastKnownFileType = sourcecode.swift; path = SubjectsHelper.swift; sourceTree = "<group>"; };
		20E2FC251F8FE5EF006548D2 /* AddPostViewController.swift */ = {isa = PBXFileReference; lastKnownFileType = sourcecode.swift; path = AddPostViewController.swift; sourceTree = "<group>"; };
		3EBFBF798552533A7B64CEED /* Pods-StudyMeet.debug.xcconfig */ = {isa = PBXFileReference; includeInIndex = 1; lastKnownFileType = text.xcconfig; name = "Pods-StudyMeet.debug.xcconfig"; path = "Pods/Target Support Files/Pods-StudyMeet/Pods-StudyMeet.debug.xcconfig"; sourceTree = "<group>"; };
		6118D036FF918374B651136D /* Pods-StudyMeet.release.xcconfig */ = {isa = PBXFileReference; includeInIndex = 1; lastKnownFileType = text.xcconfig; name = "Pods-StudyMeet.release.xcconfig"; path = "Pods/Target Support Files/Pods-StudyMeet/Pods-StudyMeet.release.xcconfig"; sourceTree = "<group>"; };
		F3D23F2AE6F83B783EDB1178 /* Pods_StudyMeet.framework */ = {isa = PBXFileReference; explicitFileType = wrapper.framework; includeInIndex = 0; path = Pods_StudyMeet.framework; sourceTree = BUILT_PRODUCTS_DIR; };
/* End PBXFileReference section */

/* Begin PBXFrameworksBuildPhase section */
		200649F61F8BE3D800277F34 /* Frameworks */ = {
			isa = PBXFrameworksBuildPhase;
			buildActionMask = 2147483647;
			files = (
				96429822426654C99F63AF79 /* Pods_StudyMeet.framework in Frameworks */,
			);
			runOnlyForDeploymentPostprocessing = 0;
		};
/* End PBXFrameworksBuildPhase section */

/* Begin PBXGroup section */
		2002E69F1F8D444300581A4E /* billy-argel_rainbow-bridge-personal-use */ = {
			isa = PBXGroup;
			children = (
				2002E6A01F8D444300581A4E /* Rainbow-Bridge.png */,
				2002E6A11F8D444300581A4E /* Terms of Use End User Lisence Agreement.txt */,
				2002E6A21F8D444300581A4E /* Rainbow Bridge Personal Use.ttf */,
			);
			path = "billy-argel_rainbow-bridge-personal-use";
			sourceTree = "<group>";
		};
		200649F01F8BE3D800277F34 = {
			isa = PBXGroup;
			children = (
				200649FB1F8BE3D800277F34 /* StudyMeet */,
				200649FA1F8BE3D800277F34 /* Products */,
				6121F82EEDA51442B9799687 /* Pods */,
				A3DDFCAE5538058446A2F96E /* Frameworks */,
			);
			sourceTree = "<group>";
		};
		200649FA1F8BE3D800277F34 /* Products */ = {
			isa = PBXGroup;
			children = (
				200649F91F8BE3D800277F34 /* StudyMeet.app */,
			);
			name = Products;
			sourceTree = "<group>";
		};
		200649FB1F8BE3D800277F34 /* StudyMeet */ = {
			isa = PBXGroup;
			children = (
				20064A121F8BE6B900277F34 /* Models */,
				20064A151F8BE6F000277F34 /* ModelControllers */,
				20064A161F8BE6FA00277F34 /* ViewControllers */,
				20064A141F8BE6D300277F34 /* Storyboards */,
				20E2FC241F8FD5B2006548D2 /* Helpers */,
				20064A131F8BE6CA00277F34 /* Resources */,
			);
			path = StudyMeet;
			sourceTree = "<group>";
		};
		20064A121F8BE6B900277F34 /* Models */ = {
			isa = PBXGroup;
			children = (
				20064A101F8BE6AF00277F34 /* User.swift */,
				20D516DC1F8D29D700F68C7D /* Post.swift */,
			);
			path = Models;
			sourceTree = "<group>";
		};
		20064A131F8BE6CA00277F34 /* Resources */ = {
			isa = PBXGroup;
			children = (
				2002E69F1F8D444300581A4E /* billy-argel_rainbow-bridge-personal-use */,
				20290A2B1F8D7E32001CBADC /* GoogleService-Info.plist */,
				200649FC1F8BE3D800277F34 /* AppDelegate.swift */,
				20064A051F8BE3D800277F34 /* Assets.xcassets */,
				20064A071F8BE3D800277F34 /* LaunchScreen.storyboard */,
				20064A0A1F8BE3D800277F34 /* Info.plist */,
			);
			path = Resources;
			sourceTree = "<group>";
		};
		20064A141F8BE6D300277F34 /* Storyboards */ = {
			isa = PBXGroup;
			children = (
				20064A021F8BE3D800277F34 /* Main.storyboard */,
				2002E69D1F8D3AE800581A4E /* LoginScreen.storyboard */,
				208F584D1F8EFC0300498447 /* addPost.storyboard */,
			);
			path = Storyboards;
			sourceTree = "<group>";
		};
		20064A151F8BE6F000277F34 /* ModelControllers */ = {
			isa = PBXGroup;
			children = (
				20D516D81F8C1E0E00F68C7D /* UserController.swift */,
				20D516DE1F8D30A900F68C7D /* PostController.swift */,
			);
			path = ModelControllers;
			sourceTree = "<group>";
		};
		20064A161F8BE6FA00277F34 /* ViewControllers */ = {
			isa = PBXGroup;
			children = (
				20D516DA1F8C344000F68C7D /* PostListViewController.swift */,
				2002E6A31F8D488100581A4E /* SignUpViewController.swift */,
				2002E6A51F8D488F00581A4E /* LoginViewController.swift */,
				20E2FC251F8FE5EF006548D2 /* AddPostViewController.swift */,
			);
			path = ViewControllers;
			sourceTree = "<group>";
		};
		20E2FC241F8FD5B2006548D2 /* Helpers */ = {
			isa = PBXGroup;
			children = (
				20E2FC221F8FD5AC006548D2 /* SubjectsHelper.swift */,
				20E19B111F9034AF005A5EEA /* DateFormatter.swift */,
			);
			path = Helpers;
			sourceTree = "<group>";
		};
		6121F82EEDA51442B9799687 /* Pods */ = {
			isa = PBXGroup;
			children = (
				3EBFBF798552533A7B64CEED /* Pods-StudyMeet.debug.xcconfig */,
				6118D036FF918374B651136D /* Pods-StudyMeet.release.xcconfig */,
			);
			name = Pods;
			sourceTree = "<group>";
		};
		A3DDFCAE5538058446A2F96E /* Frameworks */ = {
			isa = PBXGroup;
			children = (
				F3D23F2AE6F83B783EDB1178 /* Pods_StudyMeet.framework */,
			);
			name = Frameworks;
			sourceTree = "<group>";
		};
/* End PBXGroup section */

/* Begin PBXNativeTarget section */
		200649F81F8BE3D800277F34 /* StudyMeet */ = {
			isa = PBXNativeTarget;
			buildConfigurationList = 20064A0D1F8BE3D800277F34 /* Build configuration list for PBXNativeTarget "StudyMeet" */;
			buildPhases = (
				72F8AB59811AECFB94BAA408 /* [CP] Check Pods Manifest.lock */,
				200649F51F8BE3D800277F34 /* Sources */,
				200649F61F8BE3D800277F34 /* Frameworks */,
				200649F71F8BE3D800277F34 /* Resources */,
				1E3CE9093DF2AC30E4164ADF /* [CP] Embed Pods Frameworks */,
				D3654D428937C2E73EC99A4D /* [CP] Copy Pods Resources */,
			);
			buildRules = (
			);
			dependencies = (
			);
			name = StudyMeet;
			productName = StudyMeet;
			productReference = 200649F91F8BE3D800277F34 /* StudyMeet.app */;
			productType = "com.apple.product-type.application";
		};
/* End PBXNativeTarget section */

/* Begin PBXProject section */
		200649F11F8BE3D800277F34 /* Project object */ = {
			isa = PBXProject;
			attributes = {
				LastSwiftUpdateCheck = 0900;
				LastUpgradeCheck = 0900;
				ORGANIZATIONNAME = "Sergio Gamez";
				TargetAttributes = {
					200649F81F8BE3D800277F34 = {
						CreatedOnToolsVersion = 9.0;
						ProvisioningStyle = Automatic;
					};
				};
			};
			buildConfigurationList = 200649F41F8BE3D800277F34 /* Build configuration list for PBXProject "StudyMeet" */;
			compatibilityVersion = "Xcode 8.0";
			developmentRegion = en;
			hasScannedForEncodings = 0;
			knownRegions = (
				en,
				Base,
			);
			mainGroup = 200649F01F8BE3D800277F34;
			productRefGroup = 200649FA1F8BE3D800277F34 /* Products */;
			projectDirPath = "";
			projectRoot = "";
			targets = (
				200649F81F8BE3D800277F34 /* StudyMeet */,
			);
		};
/* End PBXProject section */

/* Begin PBXResourcesBuildPhase section */
		200649F71F8BE3D800277F34 /* Resources */ = {
			isa = PBXResourcesBuildPhase;
			buildActionMask = 2147483647;
			files = (
				2002E6A71F8D612B00581A4E /* Rainbow Bridge Personal Use.ttf in Resources */,
				208F584E1F8EFC0300498447 /* addPost.storyboard in Resources */,
				20064A091F8BE3D800277F34 /* LaunchScreen.storyboard in Resources */,
				20064A061F8BE3D800277F34 /* Assets.xcassets in Resources */,
				2002E69E1F8D3AE800581A4E /* LoginScreen.storyboard in Resources */,
				20064A041F8BE3D800277F34 /* Main.storyboard in Resources */,
				20290A2C1F8D7E32001CBADC /* GoogleService-Info.plist in Resources */,
			);
			runOnlyForDeploymentPostprocessing = 0;
		};
/* End PBXResourcesBuildPhase section */

/* Begin PBXShellScriptBuildPhase section */
		1E3CE9093DF2AC30E4164ADF /* [CP] Embed Pods Frameworks */ = {
			isa = PBXShellScriptBuildPhase;
			buildActionMask = 2147483647;
			files = (
			);
			inputPaths = (
				"${SRCROOT}/Pods/Target Support Files/Pods-StudyMeet/Pods-StudyMeet-frameworks.sh",
				"${BUILT_PRODUCTS_DIR}/GTMSessionFetcher/GTMSessionFetcher.framework",
				"${BUILT_PRODUCTS_DIR}/GoogleToolboxForMac/GoogleToolboxForMac.framework",
				"${BUILT_PRODUCTS_DIR}/leveldb-library/leveldb.framework",
				"${BUILT_PRODUCTS_DIR}/nanopb/nanopb.framework",
			);
			name = "[CP] Embed Pods Frameworks";
			outputPaths = (
				"${TARGET_BUILD_DIR}/${FRAMEWORKS_FOLDER_PATH}/GTMSessionFetcher.framework",
				"${TARGET_BUILD_DIR}/${FRAMEWORKS_FOLDER_PATH}/GoogleToolboxForMac.framework",
				"${TARGET_BUILD_DIR}/${FRAMEWORKS_FOLDER_PATH}/leveldb.framework",
				"${TARGET_BUILD_DIR}/${FRAMEWORKS_FOLDER_PATH}/nanopb.framework",
			);
			runOnlyForDeploymentPostprocessing = 0;
			shellPath = /bin/sh;
			shellScript = "\"${SRCROOT}/Pods/Target Support Files/Pods-StudyMeet/Pods-StudyMeet-frameworks.sh\"\n";
			showEnvVarsInLog = 0;
		};
		72F8AB59811AECFB94BAA408 /* [CP] Check Pods Manifest.lock */ = {
			isa = PBXShellScriptBuildPhase;
			buildActionMask = 2147483647;
			files = (
			);
			inputPaths = (
				"${PODS_PODFILE_DIR_PATH}/Podfile.lock",
				"${PODS_ROOT}/Manifest.lock",
			);
			name = "[CP] Check Pods Manifest.lock";
			outputPaths = (
				"$(DERIVED_FILE_DIR)/Pods-StudyMeet-checkManifestLockResult.txt",
			);
			runOnlyForDeploymentPostprocessing = 0;
			shellPath = /bin/sh;
			shellScript = "diff \"${PODS_PODFILE_DIR_PATH}/Podfile.lock\" \"${PODS_ROOT}/Manifest.lock\" > /dev/null\nif [ $? != 0 ] ; then\n    # print error to STDERR\n    echo \"error: The sandbox is not in sync with the Podfile.lock. Run 'pod install' or update your CocoaPods installation.\" >&2\n    exit 1\nfi\n# This output is used by Xcode 'outputs' to avoid re-running this script phase.\necho \"SUCCESS\" > \"${SCRIPT_OUTPUT_FILE_0}\"\n";
			showEnvVarsInLog = 0;
		};
		D3654D428937C2E73EC99A4D /* [CP] Copy Pods Resources */ = {
			isa = PBXShellScriptBuildPhase;
			buildActionMask = 2147483647;
			files = (
			);
			inputPaths = (
				"${SRCROOT}/Pods/Target Support Files/Pods-StudyMeet/Pods-StudyMeet-resources.sh",
				"${PODS_ROOT}/GoogleMaps/Maps/Frameworks/GoogleMaps.framework/Resources/GoogleMaps.bundle",
				"${PODS_ROOT}/GooglePlacePicker/Frameworks/GooglePlacePicker.framework/Resources/GooglePlacePicker.bundle",
				"${PODS_ROOT}/GooglePlaces/Frameworks/GooglePlaces.framework/Resources/GooglePlaces.bundle",
			);
			name = "[CP] Copy Pods Resources";
			outputPaths = (
				"${TARGET_BUILD_DIR}/${UNLOCALIZED_RESOURCES_FOLDER_PATH}",
			);
			runOnlyForDeploymentPostprocessing = 0;
			shellPath = /bin/sh;
			shellScript = "\"${SRCROOT}/Pods/Target Support Files/Pods-StudyMeet/Pods-StudyMeet-resources.sh\"\n";
			showEnvVarsInLog = 0;
		};
/* End PBXShellScriptBuildPhase section */

/* Begin PBXSourcesBuildPhase section */
		200649F51F8BE3D800277F34 /* Sources */ = {
			isa = PBXSourcesBuildPhase;
			buildActionMask = 2147483647;
			files = (
				20D516DB1F8C344000F68C7D /* PostListViewController.swift in Sources */,
				2002E6A41F8D488100581A4E /* SignUpViewController.swift in Sources */,
				20D516D91F8C1E0E00F68C7D /* UserController.swift in Sources */,
				20064A111F8BE6AF00277F34 /* User.swift in Sources */,
				2002E6A61F8D488F00581A4E /* LoginViewController.swift in Sources */,
				20E19B121F9034AF005A5EEA /* DateFormatter.swift in Sources */,
				200649FD1F8BE3D800277F34 /* AppDelegate.swift in Sources */,
				20E2FC261F8FE5EF006548D2 /* AddPostViewController.swift in Sources */,
				20E2FC231F8FD5AC006548D2 /* SubjectsHelper.swift in Sources */,
				20D516DD1F8D29D700F68C7D /* Post.swift in Sources */,
				20D516DF1F8D30A900F68C7D /* PostController.swift in Sources */,
			);
			runOnlyForDeploymentPostprocessing = 0;
		};
/* End PBXSourcesBuildPhase section */

/* Begin PBXVariantGroup section */
		20064A021F8BE3D800277F34 /* Main.storyboard */ = {
			isa = PBXVariantGroup;
			children = (
				20064A031F8BE3D800277F34 /* Base */,
			);
			name = Main.storyboard;
			sourceTree = "<group>";
		};
		20064A071F8BE3D800277F34 /* LaunchScreen.storyboard */ = {
			isa = PBXVariantGroup;
			children = (
				20064A081F8BE3D800277F34 /* Base */,
			);
			name = LaunchScreen.storyboard;
			sourceTree = "<group>";
		};
/* End PBXVariantGroup section */

/* Begin XCBuildConfiguration section */
		20064A0B1F8BE3D800277F34 /* Debug */ = {
			isa = XCBuildConfiguration;
			buildSettings = {
				ALWAYS_SEARCH_USER_PATHS = NO;
				CLANG_ANALYZER_NONNULL = YES;
				CLANG_ANALYZER_NUMBER_OBJECT_CONVERSION = YES_AGGRESSIVE;
				CLANG_CXX_LANGUAGE_STANDARD = "gnu++14";
				CLANG_CXX_LIBRARY = "libc++";
				CLANG_ENABLE_MODULES = YES;
				CLANG_ENABLE_OBJC_ARC = YES;
				CLANG_WARN_BLOCK_CAPTURE_AUTORELEASING = YES;
				CLANG_WARN_BOOL_CONVERSION = YES;
				CLANG_WARN_COMMA = YES;
				CLANG_WARN_CONSTANT_CONVERSION = YES;
				CLANG_WARN_DIRECT_OBJC_ISA_USAGE = YES_ERROR;
				CLANG_WARN_DOCUMENTATION_COMMENTS = YES;
				CLANG_WARN_EMPTY_BODY = YES;
				CLANG_WARN_ENUM_CONVERSION = YES;
				CLANG_WARN_INFINITE_RECURSION = YES;
				CLANG_WARN_INT_CONVERSION = YES;
				CLANG_WARN_NON_LITERAL_NULL_CONVERSION = YES;
				CLANG_WARN_OBJC_LITERAL_CONVERSION = YES;
				CLANG_WARN_OBJC_ROOT_CLASS = YES_ERROR;
				CLANG_WARN_RANGE_LOOP_ANALYSIS = YES;
				CLANG_WARN_STRICT_PROTOTYPES = YES;
				CLANG_WARN_SUSPICIOUS_MOVE = YES;
				CLANG_WARN_UNGUARDED_AVAILABILITY = YES_AGGRESSIVE;
				CLANG_WARN_UNREACHABLE_CODE = YES;
				CLANG_WARN__DUPLICATE_METHOD_MATCH = YES;
				CODE_SIGN_IDENTITY = "iPhone Developer";
				COPY_PHASE_STRIP = NO;
				DEBUG_INFORMATION_FORMAT = dwarf;
				ENABLE_STRICT_OBJC_MSGSEND = YES;
				ENABLE_TESTABILITY = YES;
				GCC_C_LANGUAGE_STANDARD = gnu11;
				GCC_DYNAMIC_NO_PIC = NO;
				GCC_NO_COMMON_BLOCKS = YES;
				GCC_OPTIMIZATION_LEVEL = 0;
				GCC_PREPROCESSOR_DEFINITIONS = (
					"DEBUG=1",
					"$(inherited)",
				);
				GCC_WARN_64_TO_32_BIT_CONVERSION = YES;
				GCC_WARN_ABOUT_RETURN_TYPE = YES_ERROR;
				GCC_WARN_UNDECLARED_SELECTOR = YES;
				GCC_WARN_UNINITIALIZED_AUTOS = YES_AGGRESSIVE;
				GCC_WARN_UNUSED_FUNCTION = YES;
				GCC_WARN_UNUSED_VARIABLE = YES;
				IPHONEOS_DEPLOYMENT_TARGET = 11.0;
				MTL_ENABLE_DEBUG_INFO = YES;
				ONLY_ACTIVE_ARCH = YES;
				SDKROOT = iphoneos;
				SWIFT_ACTIVE_COMPILATION_CONDITIONS = DEBUG;
				SWIFT_OPTIMIZATION_LEVEL = "-Onone";
			};
			name = Debug;
		};
		20064A0C1F8BE3D800277F34 /* Release */ = {
			isa = XCBuildConfiguration;
			buildSettings = {
				ALWAYS_SEARCH_USER_PATHS = NO;
				CLANG_ANALYZER_NONNULL = YES;
				CLANG_ANALYZER_NUMBER_OBJECT_CONVERSION = YES_AGGRESSIVE;
				CLANG_CXX_LANGUAGE_STANDARD = "gnu++14";
				CLANG_CXX_LIBRARY = "libc++";
				CLANG_ENABLE_MODULES = YES;
				CLANG_ENABLE_OBJC_ARC = YES;
				CLANG_WARN_BLOCK_CAPTURE_AUTORELEASING = YES;
				CLANG_WARN_BOOL_CONVERSION = YES;
				CLANG_WARN_COMMA = YES;
				CLANG_WARN_CONSTANT_CONVERSION = YES;
				CLANG_WARN_DIRECT_OBJC_ISA_USAGE = YES_ERROR;
				CLANG_WARN_DOCUMENTATION_COMMENTS = YES;
				CLANG_WARN_EMPTY_BODY = YES;
				CLANG_WARN_ENUM_CONVERSION = YES;
				CLANG_WARN_INFINITE_RECURSION = YES;
				CLANG_WARN_INT_CONVERSION = YES;
				CLANG_WARN_NON_LITERAL_NULL_CONVERSION = YES;
				CLANG_WARN_OBJC_LITERAL_CONVERSION = YES;
				CLANG_WARN_OBJC_ROOT_CLASS = YES_ERROR;
				CLANG_WARN_RANGE_LOOP_ANALYSIS = YES;
				CLANG_WARN_STRICT_PROTOTYPES = YES;
				CLANG_WARN_SUSPICIOUS_MOVE = YES;
				CLANG_WARN_UNGUARDED_AVAILABILITY = YES_AGGRESSIVE;
				CLANG_WARN_UNREACHABLE_CODE = YES;
				CLANG_WARN__DUPLICATE_METHOD_MATCH = YES;
				CODE_SIGN_IDENTITY = "iPhone Developer";
				COPY_PHASE_STRIP = NO;
				DEBUG_INFORMATION_FORMAT = "dwarf-with-dsym";
				ENABLE_NS_ASSERTIONS = NO;
				ENABLE_STRICT_OBJC_MSGSEND = YES;
				GCC_C_LANGUAGE_STANDARD = gnu11;
				GCC_NO_COMMON_BLOCKS = YES;
				GCC_WARN_64_TO_32_BIT_CONVERSION = YES;
				GCC_WARN_ABOUT_RETURN_TYPE = YES_ERROR;
				GCC_WARN_UNDECLARED_SELECTOR = YES;
				GCC_WARN_UNINITIALIZED_AUTOS = YES_AGGRESSIVE;
				GCC_WARN_UNUSED_FUNCTION = YES;
				GCC_WARN_UNUSED_VARIABLE = YES;
				IPHONEOS_DEPLOYMENT_TARGET = 11.0;
				MTL_ENABLE_DEBUG_INFO = NO;
				SDKROOT = iphoneos;
				SWIFT_OPTIMIZATION_LEVEL = "-Owholemodule";
				VALIDATE_PRODUCT = YES;
			};
			name = Release;
		};
		20064A0E1F8BE3D800277F34 /* Debug */ = {
			isa = XCBuildConfiguration;
			baseConfigurationReference = 3EBFBF798552533A7B64CEED /* Pods-StudyMeet.debug.xcconfig */;
			buildSettings = {
				ASSETCATALOG_COMPILER_APPICON_NAME = AppIcon;
				CODE_SIGN_STYLE = Automatic;
				DEVELOPMENT_TEAM = 7F44YU9SR7;
				INFOPLIST_FILE = "$(SRCROOT)/StudyMeet/Resources/Info.plist";
				LD_RUNPATH_SEARCH_PATHS = "$(inherited) @executable_path/Frameworks";
				PRODUCT_BUNDLE_IDENTIFIER = com.SergioGamez.StudyMeet;
				PRODUCT_NAME = "$(TARGET_NAME)";
				SWIFT_VERSION = 4.0;
				TARGETED_DEVICE_FAMILY = "1,2";
			};
			name = Debug;
		};
		20064A0F1F8BE3D800277F34 /* Release */ = {
			isa = XCBuildConfiguration;
			baseConfigurationReference = 6118D036FF918374B651136D /* Pods-StudyMeet.release.xcconfig */;
			buildSettings = {
				ASSETCATALOG_COMPILER_APPICON_NAME = AppIcon;
				CODE_SIGN_STYLE = Automatic;
				DEVELOPMENT_TEAM = 7F44YU9SR7;
				INFOPLIST_FILE = "$(SRCROOT)/StudyMeet/Resources/Info.plist";
				LD_RUNPATH_SEARCH_PATHS = "$(inherited) @executable_path/Frameworks";
				PRODUCT_BUNDLE_IDENTIFIER = com.SergioGamez.StudyMeet;
				PRODUCT_NAME = "$(TARGET_NAME)";
				SWIFT_VERSION = 4.0;
				TARGETED_DEVICE_FAMILY = "1,2";
			};
			name = Release;
		};
/* End XCBuildConfiguration section */

/* Begin XCConfigurationList section */
		200649F41F8BE3D800277F34 /* Build configuration list for PBXProject "StudyMeet" */ = {
			isa = XCConfigurationList;
			buildConfigurations = (
				20064A0B1F8BE3D800277F34 /* Debug */,
				20064A0C1F8BE3D800277F34 /* Release */,
			);
			defaultConfigurationIsVisible = 0;
			defaultConfigurationName = Release;
		};
		20064A0D1F8BE3D800277F34 /* Build configuration list for PBXNativeTarget "StudyMeet" */ = {
			isa = XCConfigurationList;
			buildConfigurations = (
				20064A0E1F8BE3D800277F34 /* Debug */,
				20064A0F1F8BE3D800277F34 /* Release */,
			);
			defaultConfigurationIsVisible = 0;
			defaultConfigurationName = Release;
		};
/* End XCConfigurationList section */
	};
	rootObject = 200649F11F8BE3D800277F34 /* Project object */;
}
